
Microsoft Visual Studio Solution File, Format Version 12.00
# Visual Studio 15
VisualStudioVersion = 15.0.27004.2009
MinimumVisualStudioVersion = 10.0.40219.1
Project("{FAE04EC0-301F-11D3-BF4B-00C04F79EFBC}") = "Kino", "Kino\Kino.csproj", "{A5347AA9-B59F-40D7-A46F-DCA5436B5CEE}"
EndProject
Global
	GlobalSection(SolutionConfigurationPlatforms) = preSolution
		Debug|Any CPU = Debug|Any CPU
		Release|Any CPU = Release|Any CPU
	EndGlobalSection
	GlobalSection(ProjectConfigurationPlatforms) = postSolution
		{A5347AA9-B59F-40D7-A46F-DCA5436B5CEE}.Debug|Any CPU.ActiveCfg = Debug|Any CPU
		{A5347AA9-B59F-40D7-A46F-DCA5436B5CEE}.Debug|Any CPU.Build.0 = Debug|Any CPU
		{A5347AA9-B59F-40D7-A46F-DCA5436B5CEE}.Release|Any CPU.ActiveCfg = Release|Any CPU
		{A5347AA9-B59F-40D7-A46F-DCA5436B5CEE}.Release|Any CPU.Build.0 = Release|Any CPU
	EndGlobalSection
	GlobalSection(SolutionProperties) = preSolution
		HideSolutionNode = FALSE
	EndGlobalSection
	GlobalSection(ExtensibilityGlobals) = postSolution
		SolutionGuid = {A288A652-F2E1-4B36-992F-A917FCEE2466}
	EndGlobalSection
EndGlobal
